
Microsoft Visual Studio Solution File, Format Version 12.00
# Visual Studio 15
VisualStudioVersion = 15.0.27428.2015
MinimumVisualStudioVersion = 10.0.40219.1
Project("{FAE04EC0-301F-11D3-BF4B-00C04F79EFBC}") = "AzureMapsCodeSamples", "AzureMapsCodeSamples\AzureMapsCodeSamples.csproj", "{7A8D38D5-3762-4FE7-B5F2-93906F39DC55}"
EndProject
Global
	GlobalSection(SolutionConfigurationPlatforms) = preSolution
		Debug|Any CPU = Debug|Any CPU
		Release|Any CPU = Release|Any CPU
	EndGlobalSection
	GlobalSection(ProjectConfigurationPlatforms) = postSolution
		{7A8D38D5-3762-4FE7-B5F2-93906F39DC55}.Debug|Any CPU.ActiveCfg = Debug|Any CPU
		{7A8D38D5-3762-4FE7-B5F2-93906F39DC55}.Debug|Any CPU.Build.0 = Debug|Any CPU
		{7A8D38D5-3762-4FE7-B5F2-93906F39DC55}.Release|Any CPU.ActiveCfg = Release|Any CPU
		{7A8D38D5-3762-4FE7-B5F2-93906F39DC55}.Release|Any CPU.Build.0 = Release|Any CPU
	EndGlobalSection
	GlobalSection(SolutionProperties) = preSolution
		HideSolutionNode = FALSE
	EndGlobalSection
	GlobalSection(ExtensibilityGlobals) = postSolution
		SolutionGuid = {84F988F7-4271-43B3-A06B-EE6C8A2592F7}
	EndGlobalSection
EndGlobal
