{
  "name": "flowmap.gl-purejs-example",
  "version": "0.0.2",
  "lockfileVersion": 3,
  "requires": true,
  "packages": {
    "": {
      "name": "flowmap.gl-purejs-example",
      "version": "0.0.2",
      "license": "MIT",
      "dependencies": {
        "@deck.gl/core": "^8.9.28",
        "@deck.gl/layers": "^8.9.28",
        "@flowmap.gl/data": "8.0.1",
        "@flowmap.gl/layers": "8.0.1",
        "azure-maps-control": "^3.4.0",
        "d3-fetch": "^3.0.1",
        "maplibre-gl": "^3.3.1"
      },
      "devDependencies": {
        "vite": "^4.4.9"
      }
    },
    "node_modules/@azure/msal-browser": {
      "version": "2.39.0",
      "license": "MIT",
      "dependencies": {
        "@azure/msal-common": "13.3.3"
      },
      "engines": {
        "node": ">=0.8.0"
      }
    },
    "node_modules/@azure/msal-common": {
      "version": "13.3.3",
      "license": "MIT",
      "engines": {
        "node": ">=0.8.0"
      }
    },
    "node_modules/@babel/runtime": {
      "version": "7.23.1",
      "license": "MIT",
      "dependencies": {
        "regenerator-runtime": "^0.14.0"
      },
      "engines": {
        "node": ">=6.9.0"
      }
    },
    "node_modules/@deck.gl/core": {
      "version": "8.9.30",
      "license": "MIT",
      "dependencies": {
        "@babel/runtime": "^7.0.0",
        "@loaders.gl/core": "^3.4.13",
        "@loaders.gl/images": "^3.4.13",
        "@luma.gl/constants": "^8.5.21",
        "@luma.gl/core": "^8.5.21",
        "@luma.gl/webgl": "^8.5.21",
        "@math.gl/core": "^3.6.2",
        "@math.gl/sun": "^3.6.2",
        "@math.gl/web-mercator": "^3.6.2",
        "@probe.gl/env": "^3.5.0",
        "@probe.gl/log": "^3.5.0",
        "@probe.gl/stats": "^3.5.0",
        "gl-matrix": "^3.0.0",
        "math.gl": "^3.6.2",
        "mjolnir.js": "^2.7.0"
      }
    },
    "node_modules/@deck.gl/layers": {
      "version": "8.9.30",
      "license": "MIT",
      "dependencies": {
        "@babel/runtime": "^7.0.0",
        "@loaders.gl/images": "^3.4.13",
        "@loaders.gl/schema": "^3.4.13",
        "@luma.gl/constants": "^8.5.21",
        "@mapbox/tiny-sdf": "^2.0.5",
        "@math.gl/core": "^3.6.2",
        "@math.gl/polygon": "^3.6.2",
        "@math.gl/web-mercator": "^3.6.2",
        "earcut": "^2.2.4"
      },
      "peerDependencies": {
        "@deck.gl/core": "^8.0.0",
        "@loaders.gl/core": "^3.4.13",
        "@luma.gl/core": "^8.0.0"
      }
    },
    "node_modules/@esbuild/win32-x64": {
      "version": "0.18.20",
      "cpu": [
        "x64"
      ],
      "dev": true,
      "license": "MIT",
      "optional": true,
      "os": [
        "win32"
      ],
      "engines": {
        "node": ">=12"
      }
    },
    "node_modules/@flowmap.gl/data": {
      "version": "8.0.1",
      "license": "Apache-2.0",
      "dependencies": {
        "d3-array": "^3.2.4",
        "d3-color": "2 - 3",
        "d3-geo": "^3.1.0",
        "d3-interpolate": "2 - 3",
        "d3-scale": "3 - 4",
        "d3-scale-chromatic": "2 - 3",
        "d3-time": "^3.1.0",
        "d3-time-format": "3 - 4",
        "kdbush": "^4.0.2",
        "reselect": "^4.1.6",
        "seedrandom": "^3.0.5"
      }
    },
    "node_modules/@flowmap.gl/layers": {
      "version": "8.0.1",
      "license": "Apache-2.0",
      "peerDependencies": {
        "@deck.gl/core": "^8.6.5",
        "@deck.gl/layers": "^8.6.5",
        "@luma.gl/constants": "^8.5.10",
        "@luma.gl/core": "^8.5.10"
      }
    },
    "node_modules/@loaders.gl/core": {
      "version": "3.4.14",
      "license": "MIT",
      "dependencies": {
        "@babel/runtime": "^7.3.1",
        "@loaders.gl/loader-utils": "3.4.14",
        "@loaders.gl/worker-utils": "3.4.14",
        "@probe.gl/log": "^4.0.1"
      }
    },
    "node_modules/@loaders.gl/core/node_modules/@probe.gl/env": {
      "version": "4.0.4",
      "license": "MIT",
      "dependencies": {
        "@babel/runtime": "^7.0.0"
      }
    },
    "node_modules/@loaders.gl/core/node_modules/@probe.gl/log": {
      "version": "4.0.4",
      "license": "MIT",
      "dependencies": {
        "@babel/runtime": "^7.0.0",
        "@probe.gl/env": "4.0.4"
      }
    },
    "node_modules/@loaders.gl/images": {
      "version": "3.4.14",
      "license": "MIT",
      "dependencies": {
        "@loaders.gl/loader-utils": "3.4.14"
      }
    },
    "node_modules/@loaders.gl/loader-utils": {
      "version": "3.4.14",
      "license": "MIT",
      "dependencies": {
        "@babel/runtime": "^7.3.1",
        "@loaders.gl/worker-utils": "3.4.14",
        "@probe.gl/stats": "^4.0.1"
      }
    },
    "node_modules/@loaders.gl/loader-utils/node_modules/@probe.gl/stats": {
      "version": "4.0.4",
      "license": "MIT",
      "dependencies": {
        "@babel/runtime": "^7.0.0"
      }
    },
    "node_modules/@loaders.gl/schema": {
      "version": "3.4.14",
      "license": "MIT",
      "dependencies": {
        "@types/geojson": "^7946.0.7"
      }
    },
    "node_modules/@loaders.gl/worker-utils": {
      "version": "3.4.14",
      "license": "MIT",
      "dependencies": {
        "@babel/runtime": "^7.3.1"
      }
    },
    "node_modules/@luma.gl/constants": {
      "version": "8.5.21",
      "license": "MIT"
    },
    "node_modules/@luma.gl/core": {
      "version": "8.5.21",
      "license": "MIT",
      "dependencies": {
        "@babel/runtime": "^7.0.0",
        "@luma.gl/constants": "8.5.21",
        "@luma.gl/engine": "8.5.21",
        "@luma.gl/gltools": "8.5.21",
        "@luma.gl/shadertools": "8.5.21",
        "@luma.gl/webgl": "8.5.21"
      }
    },
    "node_modules/@luma.gl/engine": {
      "version": "8.5.21",
      "license": "MIT",
      "dependencies": {
        "@babel/runtime": "^7.0.0",
        "@luma.gl/constants": "8.5.21",
        "@luma.gl/gltools": "8.5.21",
        "@luma.gl/shadertools": "8.5.21",
        "@luma.gl/webgl": "8.5.21",
        "@math.gl/core": "^3.5.0",
        "@probe.gl/env": "^3.5.0",
        "@probe.gl/stats": "^3.5.0",
        "@types/offscreencanvas": "^2019.7.0"
      }
    },
    "node_modules/@luma.gl/gltools": {
      "version": "8.5.21",
      "license": "MIT",
      "dependencies": {
        "@babel/runtime": "^7.0.0",
        "@luma.gl/constants": "8.5.21",
        "@probe.gl/env": "^3.5.0",
        "@probe.gl/log": "^3.5.0",
        "@types/offscreencanvas": "^2019.7.0"
      }
    },
    "node_modules/@luma.gl/shadertools": {
      "version": "8.5.21",
      "license": "MIT",
      "dependencies": {
        "@babel/runtime": "^7.0.0",
        "@math.gl/core": "^3.5.0"
      }
    },
    "node_modules/@luma.gl/webgl": {
      "version": "8.5.21",
      "license": "MIT",
      "dependencies": {
        "@babel/runtime": "^7.0.0",
        "@luma.gl/constants": "8.5.21",
        "@luma.gl/gltools": "8.5.21",
        "@probe.gl/env": "^3.5.0",
        "@probe.gl/stats": "^3.5.0"
      }
    },
    "node_modules/@mapbox/geojson-rewind": {
      "version": "0.5.2",
      "license": "ISC",
      "dependencies": {
        "get-stream": "^6.0.1",
        "minimist": "^1.2.6"
      },
      "bin": {
        "geojson-rewind": "geojson-rewind"
      }
    },
    "node_modules/@mapbox/jsonlint-lines-primitives": {
      "version": "2.0.2",
      "engines": {
        "node": ">= 0.6"
      }
    },
    "node_modules/@mapbox/mapbox-gl-supported": {
      "version": "2.0.1",
      "license": "BSD-3-Clause"
    },
    "node_modules/@mapbox/point-geometry": {
      "version": "0.1.0",
      "license": "ISC"
    },
    "node_modules/@mapbox/tiny-sdf": {
      "version": "2.0.6",
      "license": "BSD-2-Clause"
    },
    "node_modules/@mapbox/unitbezier": {
      "version": "0.0.1",
      "license": "BSD-2-Clause"
    },
    "node_modules/@mapbox/vector-tile": {
      "version": "1.3.1",
      "license": "BSD-3-Clause",
      "dependencies": {
        "@mapbox/point-geometry": "~0.1.0"
      }
    },
    "node_modules/@mapbox/whoots-js": {
      "version": "3.1.0",
      "license": "ISC",
      "engines": {
        "node": ">=6.0.0"
      }
    },
    "node_modules/@maplibre/maplibre-gl-style-spec": {
      "version": "19.3.2",
      "license": "ISC",
      "dependencies": {
        "@mapbox/jsonlint-lines-primitives": "~2.0.2",
        "@mapbox/unitbezier": "^0.0.1",
        "json-stringify-pretty-compact": "^3.0.0",
        "minimist": "^1.2.8",
        "rw": "^1.3.3",
        "sort-object": "^3.0.3"
      },
      "bin": {
        "gl-style-format": "dist/gl-style-format.mjs",
        "gl-style-migrate": "dist/gl-style-migrate.mjs",
        "gl-style-validate": "dist/gl-style-validate.mjs"
      }
    },
    "node_modules/@math.gl/core": {
      "version": "3.6.3",
      "license": "MIT",
      "dependencies": {
        "@babel/runtime": "^7.12.0",
        "@math.gl/types": "3.6.3",
        "gl-matrix": "^3.4.0"
      }
    },
    "node_modules/@math.gl/polygon": {
      "version": "3.6.3",
      "license": "MIT",
      "dependencies": {
        "@math.gl/core": "3.6.3"
      }
    },
    "node_modules/@math.gl/sun": {
      "version": "3.6.3",
      "license": "MIT",
      "dependencies": {
        "@babel/runtime": "^7.12.0"
      }
    },
    "node_modules/@math.gl/types": {
      "version": "3.6.3",
      "license": "MIT"
    },
    "node_modules/@math.gl/web-mercator": {
      "version": "3.6.3",
      "license": "MIT",
      "dependencies": {
        "@babel/runtime": "^7.12.0",
        "gl-matrix": "^3.4.0"
      }
    },
    "node_modules/@probe.gl/env": {
      "version": "3.6.0",
      "license": "MIT",
      "dependencies": {
        "@babel/runtime": "^7.0.0"
      }
    },
    "node_modules/@probe.gl/log": {
      "version": "3.6.0",
      "license": "MIT",
      "dependencies": {
        "@babel/runtime": "^7.0.0",
        "@probe.gl/env": "3.6.0"
      }
    },
    "node_modules/@probe.gl/stats": {
      "version": "3.6.0",
      "license": "MIT",
      "dependencies": {
        "@babel/runtime": "^7.0.0"
      }
    },
    "node_modules/@types/geojson": {
      "version": "7946.0.11",
      "license": "MIT"
    },
    "node_modules/@types/hammerjs": {
      "version": "2.0.42",
      "license": "MIT"
    },
    "node_modules/@types/mapbox__point-geometry": {
      "version": "0.1.2",
      "license": "MIT"
    },
    "node_modules/@types/mapbox__vector-tile": {
      "version": "1.3.1",
      "license": "MIT",
      "dependencies": {
        "@types/geojson": "*",
        "@types/mapbox__point-geometry": "*",
        "@types/pbf": "*"
      }
    },
    "node_modules/@types/offscreencanvas": {
      "version": "2019.7.1",
      "license": "MIT"
    },
    "node_modules/@types/pbf": {
      "version": "3.0.3",
      "license": "MIT"
    },
    "node_modules/@types/supercluster": {
      "version": "7.1.1",
      "license": "MIT",
      "dependencies": {
        "@types/geojson": "*"
      }
    },
    "node_modules/arr-union": {
      "version": "3.1.0",
      "license": "MIT",
      "engines": {
        "node": ">=0.10.0"
      }
    },
    "node_modules/assign-symbols": {
      "version": "1.0.0",
      "license": "MIT",
      "engines": {
        "node": ">=0.10.0"
      }
    },
    "node_modules/azure-maps-control": {
      "version": "3.4.0",
      "license": "SEE LICENSE.TXT",
      "dependencies": {
        "@azure/msal-browser": "^2.32.1",
        "@mapbox/mapbox-gl-supported": "^2.0.1",
        "@maplibre/maplibre-gl-style-spec": "^20.0.0",
        "@types/geojson": "^7946.0.14"
      }
    },
    "node_modules/azure-maps-control/node_modules/@maplibre/maplibre-gl-style-spec": {
      "version": "20.4.0",
      "license": "ISC",
      "dependencies": {
        "@mapbox/jsonlint-lines-primitives": "~2.0.2",
        "@mapbox/unitbezier": "^0.0.1",
        "json-stringify-pretty-compact": "^4.0.0",
        "minimist": "^1.2.8",
        "quickselect": "^2.0.0",
        "rw": "^1.3.3",
        "tinyqueue": "^3.0.0"
      },
      "bin": {
        "gl-style-format": "dist/gl-style-format.mjs",
        "gl-style-migrate": "dist/gl-style-migrate.mjs",
        "gl-style-validate": "dist/gl-style-validate.mjs"
      }
    },
    "node_modules/azure-maps-control/node_modules/@types/geojson": {
      "version": "7946.0.14",
      "license": "MIT"
    },
    "node_modules/azure-maps-control/node_modules/json-stringify-pretty-compact": {
      "version": "4.0.0",
      "license": "MIT"
    },
    "node_modules/azure-maps-control/node_modules/tinyqueue": {
      "version": "3.0.0",
      "license": "ISC"
    },
    "node_modules/bytewise": {
      "version": "1.1.0",
      "license": "MIT",
      "dependencies": {
        "bytewise-core": "^1.2.2",
        "typewise": "^1.0.3"
      }
    },
    "node_modules/bytewise-core": {
      "version": "1.2.3",
      "license": "MIT",
      "dependencies": {
        "typewise-core": "^1.2"
      }
    },
    "node_modules/commander": {
      "version": "7.2.0",
      "license": "MIT",
      "engines": {
        "node": ">= 10"
      }
    },
    "node_modules/d3-array": {
      "version": "3.2.4",
      "license": "ISC",
      "dependencies": {
        "internmap": "1 - 2"
      },
      "engines": {
        "node": ">=12"
      }
    },
    "node_modules/d3-color": {
      "version": "3.1.0",
      "license": "ISC",
      "engines": {
        "node": ">=12"
      }
    },
    "node_modules/d3-dsv": {
      "version": "3.0.1",
      "license": "ISC",
      "dependencies": {
        "commander": "7",
        "iconv-lite": "0.6",
        "rw": "1"
      },
      "bin": {
        "csv2json": "bin/dsv2json.js",
        "csv2tsv": "bin/dsv2dsv.js",
        "dsv2dsv": "bin/dsv2dsv.js",
        "dsv2json": "bin/dsv2json.js",
        "json2csv": "bin/json2dsv.js",
        "json2dsv": "bin/json2dsv.js",
        "json2tsv": "bin/json2dsv.js",
        "tsv2csv": "bin/dsv2dsv.js",
        "tsv2json": "bin/dsv2json.js"
      },
      "engines": {
        "node": ">=12"
      }
    },
    "node_modules/d3-fetch": {
      "version": "3.0.1",
      "license": "ISC",
      "dependencies": {
        "d3-dsv": "1 - 3"
      },
      "engines": {
        "node": ">=12"
      }
    },
    "node_modules/d3-format": {
      "version": "3.1.0",
      "license": "ISC",
      "engines": {
        "node": ">=12"
      }
    },
    "node_modules/d3-geo": {
      "version": "3.1.0",
      "license": "ISC",
      "dependencies": {
        "d3-array": "2.5.0 - 3"
      },
      "engines": {
        "node": ">=12"
      }
    },
    "node_modules/d3-interpolate": {
      "version": "3.0.1",
      "license": "ISC",
      "dependencies": {
        "d3-color": "1 - 3"
      },
      "engines": {
        "node": ">=12"
      }
    },
    "node_modules/d3-scale": {
      "version": "4.0.2",
      "license": "ISC",
      "dependencies": {
        "d3-array": "2.10.0 - 3",
        "d3-format": "1 - 3",
        "d3-interpolate": "1.2.0 - 3",
        "d3-time": "2.1.1 - 3",
        "d3-time-format": "2 - 4"
      },
      "engines": {
        "node": ">=12"
      }
    },
    "node_modules/d3-scale-chromatic": {
      "version": "3.0.0",
      "license": "ISC",
      "dependencies": {
        "d3-color": "1 - 3",
        "d3-interpolate": "1 - 3"
      },
      "engines": {
        "node": ">=12"
      }
    },
    "node_modules/d3-time": {
      "version": "3.1.0",
      "license": "ISC",
      "dependencies": {
        "d3-array": "2 - 3"
      },
      "engines": {
        "node": ">=12"
      }
    },
    "node_modules/d3-time-format": {
      "version": "4.1.0",
      "license": "ISC",
      "dependencies": {
        "d3-time": "1 - 3"
      },
      "engines": {
        "node": ">=12"
      }
    },
    "node_modules/earcut": {
      "version": "2.2.4",
      "license": "ISC"
    },
    "node_modules/esbuild": {
      "version": "0.18.20",
      "dev": true,
      "hasInstallScript": true,
      "license": "MIT",
      "bin": {
        "esbuild": "bin/esbuild"
      },
      "engines": {
        "node": ">=12"
      },
      "optionalDependencies": {
        "@esbuild/android-arm": "0.18.20",
        "@esbuild/android-arm64": "0.18.20",
        "@esbuild/android-x64": "0.18.20",
        "@esbuild/darwin-arm64": "0.18.20",
        "@esbuild/darwin-x64": "0.18.20",
        "@esbuild/freebsd-arm64": "0.18.20",
        "@esbuild/freebsd-x64": "0.18.20",
        "@esbuild/linux-arm": "0.18.20",
        "@esbuild/linux-arm64": "0.18.20",
        "@esbuild/linux-ia32": "0.18.20",
        "@esbuild/linux-loong64": "0.18.20",
        "@esbuild/linux-mips64el": "0.18.20",
        "@esbuild/linux-ppc64": "0.18.20",
        "@esbuild/linux-riscv64": "0.18.20",
        "@esbuild/linux-s390x": "0.18.20",
        "@esbuild/linux-x64": "0.18.20",
        "@esbuild/netbsd-x64": "0.18.20",
        "@esbuild/openbsd-x64": "0.18.20",
        "@esbuild/sunos-x64": "0.18.20",
        "@esbuild/win32-arm64": "0.18.20",
        "@esbuild/win32-ia32": "0.18.20",
        "@esbuild/win32-x64": "0.18.20"
      }
    },
    "node_modules/extend-shallow": {
      "version": "2.0.1",
      "license": "MIT",
      "dependencies": {
        "is-extendable": "^0.1.0"
      },
      "engines": {
        "node": ">=0.10.0"
      }
    },
    "node_modules/geojson-vt": {
      "version": "3.2.1",
      "license": "ISC"
    },
    "node_modules/get-stream": {
      "version": "6.0.1",
      "license": "MIT",
      "engines": {
        "node": ">=10"
      },
      "funding": {
        "url": "https://github.com/sponsors/sindresorhus"
      }
    },
    "node_modules/get-value": {
      "version": "2.0.6",
      "license": "MIT",
      "engines": {
        "node": ">=0.10.0"
      }
    },
    "node_modules/gl-matrix": {
      "version": "3.4.3",
      "license": "MIT"
    },
    "node_modules/global-prefix": {
      "version": "3.0.0",
      "license": "MIT",
      "dependencies": {
        "ini": "^1.3.5",
        "kind-of": "^6.0.2",
        "which": "^1.3.1"
      },
      "engines": {
        "node": ">=6"
      }
    },
    "node_modules/hammerjs": {
      "version": "2.0.8",
      "license": "MIT",
      "engines": {
        "node": ">=0.8.0"
      }
    },
    "node_modules/iconv-lite": {
      "version": "0.6.3",
      "license": "MIT",
      "dependencies": {
        "safer-buffer": ">= 2.1.2 < 3.0.0"
      },
      "engines": {
        "node": ">=0.10.0"
      }
    },
    "node_modules/ieee754": {
      "version": "1.2.1",
      "funding": [
        {
          "type": "github",
          "url": "https://github.com/sponsors/feross"
        },
        {
          "type": "patreon",
          "url": "https://www.patreon.com/feross"
        },
        {
          "type": "consulting",
          "url": "https://feross.org/support"
        }
      ],
      "license": "BSD-3-Clause"
    },
    "node_modules/ini": {
      "version": "1.3.8",
      "license": "ISC"
    },
    "node_modules/internmap": {
      "version": "2.0.3",
      "license": "ISC",
      "engines": {
        "node": ">=12"
      }
    },
    "node_modules/is-extendable": {
      "version": "0.1.1",
      "license": "MIT",
      "engines": {
        "node": ">=0.10.0"
      }
    },
    "node_modules/is-plain-object": {
      "version": "2.0.4",
      "license": "MIT",
      "dependencies": {
        "isobject": "^3.0.1"
      },
      "engines": {
        "node": ">=0.10.0"
      }
    },
    "node_modules/isexe": {
      "version": "2.0.0",
      "license": "ISC"
    },
    "node_modules/isobject": {
      "version": "3.0.1",
      "license": "MIT",
      "engines": {
        "node": ">=0.10.0"
      }
    },
    "node_modules/json-stringify-pretty-compact": {
      "version": "3.0.0",
      "license": "MIT"
    },
    "node_modules/kdbush": {
      "version": "4.0.2",
      "license": "ISC"
    },
    "node_modules/kind-of": {
      "version": "6.0.3",
      "license": "MIT",
      "engines": {
        "node": ">=0.10.0"
      }
    },
    "node_modules/maplibre-gl": {
      "version": "3.3.1",
      "license": "BSD-3-Clause",
      "dependencies": {
        "@mapbox/geojson-rewind": "^0.5.2",
        "@mapbox/jsonlint-lines-primitives": "^2.0.2",
        "@mapbox/point-geometry": "^0.1.0",
        "@mapbox/tiny-sdf": "^2.0.6",
        "@mapbox/unitbezier": "^0.0.1",
        "@mapbox/vector-tile": "^1.3.1",
        "@mapbox/whoots-js": "^3.1.0",
        "@maplibre/maplibre-gl-style-spec": "^19.3.0",
        "@types/geojson": "^7946.0.10",
        "@types/mapbox__point-geometry": "^0.1.2",
        "@types/mapbox__vector-tile": "^1.3.0",
        "@types/pbf": "^3.0.2",
        "@types/supercluster": "^7.1.0",
        "earcut": "^2.2.4",
        "geojson-vt": "^3.2.1",
        "gl-matrix": "^3.4.3",
        "global-prefix": "^3.0.0",
        "kdbush": "^4.0.2",
        "murmurhash-js": "^1.0.0",
        "pbf": "^3.2.1",
        "potpack": "^2.0.0",
        "quickselect": "^2.0.0",
        "supercluster": "^8.0.1",
        "tinyqueue": "^2.0.3",
        "vt-pbf": "^3.1.3"
      },
      "engines": {
        "node": ">=16.14.0",
        "npm": ">=8.1.0"
      },
      "funding": {
        "url": "https://github.com/maplibre/maplibre-gl-js?sponsor=1"
      }
    },
    "node_modules/math.gl": {
      "version": "3.6.3",
      "license": "MIT",
      "dependencies": {
        "@math.gl/core": "3.6.3"
      }
    },
    "node_modules/minimist": {
      "version": "1.2.8",
      "license": "MIT",
      "funding": {
        "url": "https://github.com/sponsors/ljharb"
      }
    },
    "node_modules/mjolnir.js": {
      "version": "2.7.1",
      "license": "MIT",
      "dependencies": {
        "@types/hammerjs": "^2.0.41",
        "hammerjs": "^2.0.8"
      },
      "engines": {
        "node": ">= 4",
        "npm": ">= 3"
      }
    },
    "node_modules/murmurhash-js": {
      "version": "1.0.0",
      "license": "MIT"
    },
    "node_modules/nanoid": {
      "version": "3.3.6",
      "dev": true,
      "funding": [
        {
          "type": "github",
          "url": "https://github.com/sponsors/ai"
        }
      ],
      "license": "MIT",
      "bin": {
        "nanoid": "bin/nanoid.cjs"
      },
      "engines": {
        "node": "^10 || ^12 || ^13.7 || ^14 || >=15.0.1"
      }
    },
    "node_modules/pbf": {
      "version": "3.2.1",
      "license": "BSD-3-Clause",
      "dependencies": {
        "ieee754": "^1.1.12",
        "resolve-protobuf-schema": "^2.1.0"
      },
      "bin": {
        "pbf": "bin/pbf"
      }
    },
    "node_modules/picocolors": {
      "version": "1.0.0",
      "dev": true,
      "license": "ISC"
    },
    "node_modules/postcss": {
      "version": "8.4.31",
      "dev": true,
      "funding": [
        {
          "type": "opencollective",
          "url": "https://opencollective.com/postcss/"
        },
        {
          "type": "tidelift",
          "url": "https://tidelift.com/funding/github/npm/postcss"
        },
        {
          "type": "github",
          "url": "https://github.com/sponsors/ai"
        }
      ],
      "license": "MIT",
      "dependencies": {
        "nanoid": "^3.3.6",
        "picocolors": "^1.0.0",
        "source-map-js": "^1.0.2"
      },
      "engines": {
        "node": "^10 || ^12 || >=14"
      }
    },
    "node_modules/potpack": {
      "version": "2.0.0",
      "license": "ISC"
    },
    "node_modules/protocol-buffers-schema": {
      "version": "3.6.0",
      "license": "MIT"
    },
    "node_modules/quickselect": {
      "version": "2.0.0",
      "license": "ISC"
    },
    "node_modules/regenerator-runtime": {
      "version": "0.14.0",
      "license": "MIT"
    },
    "node_modules/reselect": {
      "version": "4.1.8",
      "license": "MIT"
    },
    "node_modules/resolve-protobuf-schema": {
      "version": "2.1.0",
      "license": "MIT",
      "dependencies": {
        "protocol-buffers-schema": "^3.3.1"
      }
    },
    "node_modules/rollup": {
      "version": "3.29.4",
      "dev": true,
      "license": "MIT",
      "bin": {
        "rollup": "dist/bin/rollup"
      },
      "engines": {
        "node": ">=14.18.0",
        "npm": ">=8.0.0"
      },
      "optionalDependencies": {
        "fsevents": "~2.3.2"
      }
    },
    "node_modules/rw": {
      "version": "1.3.3",
      "license": "BSD-3-Clause"
    },
    "node_modules/safer-buffer": {
      "version": "2.1.2",
      "license": "MIT"
    },
    "node_modules/seedrandom": {
      "version": "3.0.5",
      "license": "MIT"
    },
    "node_modules/set-value": {
      "version": "2.0.1",
      "license": "MIT",
      "dependencies": {
        "extend-shallow": "^2.0.1",
        "is-extendable": "^0.1.1",
        "is-plain-object": "^2.0.3",
        "split-string": "^3.0.1"
      },
      "engines": {
        "node": ">=0.10.0"
      }
    },
    "node_modules/sort-asc": {
      "version": "0.2.0",
      "license": "MIT",
      "engines": {
        "node": ">=0.10.0"
      }
    },
    "node_modules/sort-desc": {
      "version": "0.2.0",
      "license": "MIT",
      "engines": {
        "node": ">=0.10.0"
      }
    },
    "node_modules/sort-object": {
      "version": "3.0.3",
      "license": "MIT",
      "dependencies": {
        "bytewise": "^1.1.0",
        "get-value": "^2.0.2",
        "is-extendable": "^0.1.1",
        "sort-asc": "^0.2.0",
        "sort-desc": "^0.2.0",
        "union-value": "^1.0.1"
      },
      "engines": {
        "node": ">=0.10.0"
      }
    },
    "node_modules/source-map-js": {
      "version": "1.0.2",
      "dev": true,
      "license": "BSD-3-Clause",
      "engines": {
        "node": ">=0.10.0"
      }
    },
    "node_modules/split-string": {
      "version": "3.1.0",
      "license": "MIT",
      "dependencies": {
        "extend-shallow": "^3.0.0"
      },
      "engines": {
        "node": ">=0.10.0"
      }
    },
    "node_modules/split-string/node_modules/extend-shallow": {
      "version": "3.0.2",
      "license": "MIT",
      "dependencies": {
        "assign-symbols": "^1.0.0",
        "is-extendable": "^1.0.1"
      },
      "engines": {
        "node": ">=0.10.0"
      }
    },
    "node_modules/split-string/node_modules/is-extendable": {
      "version": "1.0.1",
      "license": "MIT",
      "dependencies": {
        "is-plain-object": "^2.0.4"
      },
      "engines": {
        "node": ">=0.10.0"
      }
    },
    "node_modules/supercluster": {
      "version": "8.0.1",
      "license": "ISC",
      "dependencies": {
        "kdbush": "^4.0.2"
      }
    },
    "node_modules/tinyqueue": {
      "version": "2.0.3",
      "license": "ISC"
    },
    "node_modules/typewise": {
      "version": "1.0.3",
      "license": "MIT",
      "dependencies": {
        "typewise-core": "^1.2.0"
      }
    },
    "node_modules/typewise-core": {
      "version": "1.2.0",
      "license": "MIT"
    },
    "node_modules/union-value": {
      "version": "1.0.1",
      "license": "MIT",
      "dependencies": {
        "arr-union": "^3.1.0",
        "get-value": "^2.0.6",
        "is-extendable": "^0.1.1",
        "set-value": "^2.0.1"
      },
      "engines": {
        "node": ">=0.10.0"
      }
    },
    "node_modules/vite": {
      "version": "4.4.9",
      "dev": true,
      "license": "MIT",
      "dependencies": {
        "esbuild": "^0.18.10",
        "postcss": "^8.4.27",
        "rollup": "^3.27.1"
      },
      "bin": {
        "vite": "bin/vite.js"
      },
      "engines": {
        "node": "^14.18.0 || >=16.0.0"
      },
      "funding": {
        "url": "https://github.com/vitejs/vite?sponsor=1"
      },
      "optionalDependencies": {
        "fsevents": "~2.3.2"
      },
      "peerDependencies": {
        "@types/node": ">= 14",
        "less": "*",
        "lightningcss": "^1.21.0",
        "sass": "*",
        "stylus": "*",
        "sugarss": "*",
        "terser": "^5.4.0"
      },
      "peerDependenciesMeta": {
        "@types/node": {
          "optional": true
        },
        "less": {
          "optional": true
        },
        "lightningcss": {
          "optional": true
        },
        "sass": {
          "optional": true
        },
        "stylus": {
          "optional": true
        },
        "sugarss": {
          "optional": true
        },
        "terser": {
          "optional": true
        }
      }
    },
    "node_modules/vt-pbf": {
      "version": "3.1.3",
      "license": "MIT",
      "dependencies": {
        "@mapbox/point-geometry": "0.1.0",
        "@mapbox/vector-tile": "^1.3.1",
        "pbf": "^3.2.1"
      }
    },
    "node_modules/which": {
      "version": "1.3.1",
      "license": "ISC",
      "dependencies": {
        "isexe": "^2.0.0"
      },
      "bin": {
        "which": "bin/which"
      }
    }
  }
}
